
Microsoft Visual Studio Solution File, Format Version 12.00
# Visual Studio 15
VisualStudioVersion = 15.0.26403.7
MinimumVisualStudioVersion = 10.0.40219.1
Project("{FAE04EC0-301F-11D3-BF4B-00C04F79EFBC}") = "PasswordGeneratorTelegramProxy", "PasswordGeneratorTelegramProxy\PasswordGeneratorTelegramProxy.csproj", "{B2AE5566-7B2F-40F1-9037-134969504EDA}"
EndProject
Project("{FAE04EC0-301F-11D3-BF4B-00C04F79EFBC}") = "PasswordGeneratorTelegramProxy.Tests", "PasswordGeneratorTelegramProxy.Tests\PasswordGeneratorTelegramProxy.Tests.csproj", "{11C057A5-E15F-4687-B9E4-34DD1F1E5126}"
EndProject
Global
	GlobalSection(SolutionConfigurationPlatforms) = preSolution
		Debug|Any CPU = Debug|Any CPU
		Release|Any CPU = Release|Any CPU
	EndGlobalSection
	GlobalSection(ProjectConfigurationPlatforms) = postSolution
		{B2AE5566-7B2F-40F1-9037-134969504EDA}.Debug|Any CPU.ActiveCfg = Debug|Any CPU
		{B2AE5566-7B2F-40F1-9037-134969504EDA}.Debug|Any CPU.Build.0 = Debug|Any CPU
		{B2AE5566-7B2F-40F1-9037-134969504EDA}.Release|Any CPU.ActiveCfg = Release|Any CPU
		{B2AE5566-7B2F-40F1-9037-134969504EDA}.Release|Any CPU.Build.0 = Release|Any CPU
		{11C057A5-E15F-4687-B9E4-34DD1F1E5126}.Debug|Any CPU.ActiveCfg = Debug|Any CPU
		{11C057A5-E15F-4687-B9E4-34DD1F1E5126}.Debug|Any CPU.Build.0 = Debug|Any CPU
		{11C057A5-E15F-4687-B9E4-34DD1F1E5126}.Release|Any CPU.ActiveCfg = Release|Any CPU
		{11C057A5-E15F-4687-B9E4-34DD1F1E5126}.Release|Any CPU.Build.0 = Release|Any CPU
	EndGlobalSection
	GlobalSection(SolutionProperties) = preSolution
		HideSolutionNode = FALSE
	EndGlobalSection
EndGlobal
